// !$*UTF8*$!
{
	archiveVersion = 1;
	classes = {
	};
	objectVersion = 56;
	objects = {

/* Begin PBXBuildFile section */
		0A0001012C00000100000001 /* MicroDramaApp.swift in Sources */ = {isa = PBXBuildFile; fileRef = 0A0002012C00000100000001 /* MicroDramaApp.swift */; };
		0A0001022C00000100000001 /* RootTabView.swift in Sources */ = {isa = PBXBuildFile; fileRef = 0A0002022C00000100000001 /* RootTabView.swift */; };
		0A0001032C00000100000001 /* APIClient.swift in Sources */ = {isa = PBXBuildFile; fileRef = 0A0002032C00000100000001 /* APIClient.swift */; };
		0A0001042C00000100000001 /* CatalogModels.swift in Sources */ = {isa = PBXBuildFile; fileRef = 0A0002042C00000100000001 /* CatalogModels.swift */; };
		0A0001052C00000100000001 /* HomeView.swift in Sources */ = {isa = PBXBuildFile; fileRef = 0A0002052C00000100000001 /* HomeView.swift */; };
		0A0001062C00000100000001 /* EpisodePlayerView.swift in Sources */ = {isa = PBXBuildFile; fileRef = 0A0002062C00000100000001 /* EpisodePlayerView.swift */; };
		0A0001072C00000100000001 /* ProfileView.swift in Sources */ = {isa = PBXBuildFile; fileRef = 0A0002072C00000100000001 /* ProfileView.swift */; };
		0A0001082C00000100000001 /* RewardedEpisodeUnlockAd.swift in Sources */ = {isa = PBXBuildFile; fileRef = 0A00020A2C00000100000001 /* RewardedEpisodeUnlockAd.swift */; };
		0A0001092C00000100000001 /* GoogleMobileAds in Frameworks */ = {isa = PBXBuildFile; productRef = 0A000B022C00000100000001 /* GoogleMobileAds */; };
		0A00010A2C00000100000001 /* Assets.xcassets in Resources */ = {isa = PBXBuildFile; fileRef = 0A00020B2C00000100000001 /* Assets.xcassets */; };
		0A00010B2C00000100000001 /* TasteOnboardingView.swift in Sources */ = {isa = PBXBuildFile; fileRef = 0A00020C2C00000100000001 /* TasteOnboardingView.swift */; };
		0A00010C2C00000100000001 /* AdConsentManager.swift in Sources */ = {isa = PBXBuildFile; fileRef = 0A00020D2C00000100000001 /* AdConsentManager.swift */; };
		0A00010D2C00000100000001 /* GoogleUserMessagingPlatform in Frameworks */ = {isa = PBXBuildFile; productRef = 0A000B042C00000100000001 /* GoogleUserMessagingPlatform */; };
/* End PBXBuildFile section */

/* Begin PBXFileReference section */
		0A0002012C00000100000001 /* MicroDramaApp.swift */ = {isa = PBXFileReference; lastKnownFileType = sourcecode.swift; path = MicroDramaApp.swift; sourceTree = "<group>"; };
		0A0002022C00000100000001 /* RootTabView.swift */ = {isa = PBXFileReference; lastKnownFileType = sourcecode.swift; path = RootTabView.swift; sourceTree = "<group>"; };
		0A0002032C00000100000001 /* APIClient.swift */ = {isa = PBXFileReference; lastKnownFileType = sourcecode.swift; path = APIClient.swift; sourceTree = "<group>"; };
		0A0002042C00000100000001 /* CatalogModels.swift */ = {isa = PBXFileReference; lastKnownFileType = sourcecode.swift; path = CatalogModels.swift; sourceTree = "<group>"; };
		0A0002052C00000100000001 /* HomeView.swift */ = {isa = PBXFileReference; lastKnownFileType = sourcecode.swift; path = HomeView.swift; sourceTree = "<group>"; };
		0A0002062C00000100000001 /* EpisodePlayerView.swift */ = {isa = PBXFileReference; lastKnownFileType = sourcecode.swift; path = EpisodePlayerView.swift; sourceTree = "<group>"; };
		0A0002072C00000100000001 /* ProfileView.swift */ = {isa = PBXFileReference; lastKnownFileType = sourcecode.swift; path = ProfileView.swift; sourceTree = "<group>"; };
		0A0002082C00000100000001 /* Info.plist */ = {isa = PBXFileReference; lastKnownFileType = text.plist.xml; path = Info.plist; sourceTree = "<group>"; };
		0A0002092C00000100000001 /* MicroDrama.app */ = {isa = PBXFileReference; explicitFileType = wrapper.application; includeInIndex = 0; path = MicroDrama.app; sourceTree = BUILT_PRODUCTS_DIR; };
		0A00020A2C00000100000001 /* RewardedEpisodeUnlockAd.swift */ = {isa = PBXFileReference; lastKnownFileType = sourcecode.swift; path = RewardedEpisodeUnlockAd.swift; sourceTree = "<group>"; };
		0A00020B2C00000100000001 /* Assets.xcassets */ = {isa = PBXFileReference; lastKnownFileType = folder.assetcatalog; path = Assets.xcassets; sourceTree = "<group>"; };
		0A00020C2C00000100000001 /* TasteOnboardingView.swift */ = {isa = PBXFileReference; lastKnownFileType = sourcecode.swift; path = TasteOnboardingView.swift; sourceTree = "<group>"; };
		0A00020D2C00000100000001 /* AdConsentManager.swift */ = {isa = PBXFileReference; lastKnownFileType = sourcecode.swift; path = AdConsentManager.swift; sourceTree = "<group>"; };
/* End PBXFileReference section */

/* Begin PBXFrameworksBuildPhase section */
		0A0003012C00000100000001 /* Frameworks */ = {
			isa = PBXFrameworksBuildPhase;
			buildActionMask = 2147483647;
			files = (
				0A0001092C00000100000001 /* GoogleMobileAds in Frameworks */,
				0A00010D2C00000100000001 /* GoogleUserMessagingPlatform in Frameworks */,
			);
			runOnlyForDeploymentPostprocessing = 0;
		};
/* End PBXFrameworksBuildPhase section */

/* Begin PBXGroup section */
		0A0004012C00000100000001 = {
			isa = PBXGroup;
			children = (
				0A0004022C00000100000001 /* MicroDrama */,
				0A0004092C00000100000001 /* Products */,
			);
			sourceTree = "<group>";
		};
		0A0004022C00000100000001 /* MicroDrama */ = {
			isa = PBXGroup;
			children = (
				0A0004032C00000100000001 /* App */,
				0A0004042C00000100000001 /* Core */,
				0A0004072C00000100000001 /* Features */,
				0A0004082C00000100000001 /* Resources */,
			);
			path = MicroDrama;
			sourceTree = "<group>";
		};
		0A0004032C00000100000001 /* App */ = {
			isa = PBXGroup;
			children = (
				0A0002012C00000100000001 /* MicroDramaApp.swift */,
				0A0002022C00000100000001 /* RootTabView.swift */,
			);
			path = App;
			sourceTree = "<group>";
		};
		0A0004042C00000100000001 /* Core */ = {
			isa = PBXGroup;
			children = (
				0A0004132C00000100000001 /* Ads */,
				0A0004052C00000100000001 /* API */,
				0A0004062C00000100000001 /* Models */,
			);
			path = Core;
			sourceTree = "<group>";
		};
		0A0004052C00000100000001 /* API */ = {
			isa = PBXGroup;
			children = (
				0A0002032C00000100000001 /* APIClient.swift */,
			);
			path = API;
			sourceTree = "<group>";
		};
		0A0004062C00000100000001 /* Models */ = {
			isa = PBXGroup;
			children = (
				0A0002042C00000100000001 /* CatalogModels.swift */,
			);
			path = Models;
			sourceTree = "<group>";
		};
		0A0004072C00000100000001 /* Features */ = {
			isa = PBXGroup;
			children = (
				0A0004102C00000100000001 /* Home */,
				0A0004142C00000100000001 /* Onboarding */,
				0A0004112C00000100000001 /* Player */,
				0A0004122C00000100000001 /* Profile */,
			);
			path = Features;
			sourceTree = "<group>";
		};
		0A0004082C00000100000001 /* Resources */ = {
			isa = PBXGroup;
			children = (
				0A00020B2C00000100000001 /* Assets.xcassets */,
				0A0002082C00000100000001 /* Info.plist */,
			);
			path = Resources;
			sourceTree = "<group>";
		};
		0A0004092C00000100000001 /* Products */ = {
			isa = PBXGroup;
			children = (
				0A0002092C00000100000001 /* MicroDrama.app */,
			);
			name = Products;
			sourceTree = "<group>";
		};
		0A0004102C00000100000001 /* Home */ = {
			isa = PBXGroup;
			children = (
				0A0002052C00000100000001 /* HomeView.swift */,
			);
			path = Home;
			sourceTree = "<group>";
		};
		0A0004112C00000100000001 /* Player */ = {
			isa = PBXGroup;
			children = (
				0A0002062C00000100000001 /* EpisodePlayerView.swift */,
			);
			path = Player;
			sourceTree = "<group>";
		};
		0A0004122C00000100000001 /* Profile */ = {
			isa = PBXGroup;
			children = (
				0A0002072C00000100000001 /* ProfileView.swift */,
			);
			path = Profile;
			sourceTree = "<group>";
		};
		0A0004132C00000100000001 /* Ads */ = {
			isa = PBXGroup;
			children = (
				0A00020D2C00000100000001 /* AdConsentManager.swift */,
				0A00020A2C00000100000001 /* RewardedEpisodeUnlockAd.swift */,
			);
			path = Ads;
			sourceTree = "<group>";
		};
		0A0004142C00000100000001 /* Onboarding */ = {
			isa = PBXGroup;
			children = (
				0A00020C2C00000100000001 /* TasteOnboardingView.swift */,
			);
			path = Onboarding;
			sourceTree = "<group>";
		};
/* End PBXGroup section */

/* Begin PBXNativeTarget section */
		0A0005012C00000100000001 /* MicroDrama */ = {
			isa = PBXNativeTarget;
			buildConfigurationList = 0A0009012C00000100000001 /* Build configuration list for PBXNativeTarget "MicroDrama" */;
			buildPhases = (
				0A0006012C00000100000001 /* Sources */,
				0A0003012C00000100000001 /* Frameworks */,
				0A0007012C00000100000001 /* Resources */,
			);
			buildRules = (
			);
			dependencies = (
			);
			name = MicroDrama;
			packageProductDependencies = (
				0A000B022C00000100000001 /* GoogleMobileAds */,
				0A000B042C00000100000001 /* GoogleUserMessagingPlatform */,
			);
			productName = MicroDrama;
			productReference = 0A0002092C00000100000001 /* MicroDrama.app */;
			productType = "com.apple.product-type.application";
		};
/* End PBXNativeTarget section */

/* Begin PBXProject section */
		0A0008012C00000100000001 /* Project object */ = {
			isa = PBXProject;
			attributes = {
				BuildIndependentTargetsInParallel = 1;
				LastSwiftUpdateCheck = 1600;
				LastUpgradeCheck = 1600;
				TargetAttributes = {
					0A0005012C00000100000001 = {
						CreatedOnToolsVersion = 16.0;
					};
				};
			};
			buildConfigurationList = 0A0008022C00000100000001 /* Build configuration list for PBXProject "MicroDrama" */;
			compatibilityVersion = "Xcode 14.0";
			developmentRegion = en;
			hasScannedForEncodings = 0;
			knownRegions = (
				en,
				Base,
			);
			mainGroup = 0A0004012C00000100000001;
			packageReferences = (
				0A000B012C00000100000001 /* XCRemoteSwiftPackageReference "swift-package-manager-google-mobile-ads" */,
				0A000B032C00000100000001 /* XCRemoteSwiftPackageReference "swift-package-manager-google-user-messaging-platform" */,
			);
			productRefGroup = 0A0004092C00000100000001 /* Products */;
			projectDirPath = "";
			projectRoot = "";
			targets = (
				0A0005012C00000100000001 /* MicroDrama */,
			);
		};
/* End PBXProject section */

/* Begin PBXResourcesBuildPhase section */
		0A0007012C00000100000001 /* Resources */ = {
			isa = PBXResourcesBuildPhase;
			buildActionMask = 2147483647;
			files = (
				0A00010A2C00000100000001 /* Assets.xcassets in Resources */,
			);
			runOnlyForDeploymentPostprocessing = 0;
		};
/* End PBXResourcesBuildPhase section */

/* Begin PBXSourcesBuildPhase section */
		0A0006012C00000100000001 /* Sources */ = {
			isa = PBXSourcesBuildPhase;
			buildActionMask = 2147483647;
			files = (
				0A0001012C00000100000001 /* MicroDramaApp.swift in Sources */,
				0A0001022C00000100000001 /* RootTabView.swift in Sources */,
				0A0001032C00000100000001 /* APIClient.swift in Sources */,
				0A0001042C00000100000001 /* CatalogModels.swift in Sources */,
				0A0001052C00000100000001 /* HomeView.swift in Sources */,
				0A0001062C00000100000001 /* EpisodePlayerView.swift in Sources */,
				0A0001072C00000100000001 /* ProfileView.swift in Sources */,
				0A0001082C00000100000001 /* RewardedEpisodeUnlockAd.swift in Sources */,
				0A00010B2C00000100000001 /* TasteOnboardingView.swift in Sources */,
				0A00010C2C00000100000001 /* AdConsentManager.swift in Sources */,
			);
			runOnlyForDeploymentPostprocessing = 0;
		};
/* End PBXSourcesBuildPhase section */

/* Begin XCBuildConfiguration section */
		0A0008032C00000100000001 /* Debug */ = {
			isa = XCBuildConfiguration;
			buildSettings = {
				ALWAYS_SEARCH_USER_PATHS = NO;
				CLANG_ANALYZER_NONNULL = YES;
				CLANG_ANALYZER_NUMBER_OBJECT_CONVERSION = YES_AGGRESSIVE;
				CLANG_CXX_LANGUAGE_STANDARD = "gnu++20";
				CLANG_ENABLE_MODULES = YES;
				CLANG_ENABLE_OBJC_ARC = YES;
				CLANG_ENABLE_OBJC_WEAK = YES;
				CLANG_WARN_BLOCK_CAPTURE_AUTORELEASING = YES;
				CLANG_WARN_BOOL_CONVERSION = YES;
				CLANG_WARN_COMMA = YES;
				CLANG_WARN_CONSTANT_CONVERSION = YES;
				CLANG_WARN_DEPRECATED_OBJC_IMPLEMENTATIONS = YES;
				CLANG_WARN_DIRECT_OBJC_ISA_USAGE = YES_ERROR;
				CLANG_WARN_DOCUMENTATION_COMMENTS = YES;
				CLANG_WARN_EMPTY_BODY = YES;
				CLANG_WARN_ENUM_CONVERSION = YES;
				CLANG_WARN_INFINITE_RECURSION = YES;
				CLANG_WARN_INT_CONVERSION = YES;
				CLANG_WARN_NON_LITERAL_NULL_CONVERSION = YES;
				CLANG_WARN_OBJC_IMPLICIT_RETAIN_SELF = YES;
				CLANG_WARN_OBJC_LITERAL_CONVERSION = YES;
				CLANG_WARN_OBJC_ROOT_CLASS = YES_ERROR;
				CLANG_WARN_QUOTED_INCLUDE_IN_FRAMEWORK_HEADER = YES;
				CLANG_WARN_RANGE_LOOP_ANALYSIS = YES;
				CLANG_WARN_STRICT_PROTOTYPES = YES;
				CLANG_WARN_SUSPICIOUS_MOVE = YES;
				CLANG_WARN_UNGUARDED_AVAILABILITY = YES_AGGRESSIVE;
				CLANG_WARN_UNREACHABLE_CODE = YES;
				CLANG_WARN__DUPLICATE_METHOD_MATCH = YES;
				COPY_PHASE_STRIP = NO;
				DEBUG_INFORMATION_FORMAT = dwarf;
				ENABLE_STRICT_OBJC_MSGSEND = YES;
				ENABLE_TESTABILITY = YES;
				ENABLE_USER_SCRIPT_SANDBOXING = YES;
				GCC_C_LANGUAGE_STANDARD = gnu17;
				GCC_DYNAMIC_NO_PIC = NO;
				GCC_NO_COMMON_BLOCKS = YES;
				GCC_OPTIMIZATION_LEVEL = 0;
				GCC_PREPROCESSOR_DEFINITIONS = (
					"DEBUG=1",
					"$(inherited)",
				);
				GCC_WARN_64_TO_32_BIT_CONVERSION = YES;
				GCC_WARN_ABOUT_RETURN_TYPE = YES_ERROR;
				GCC_WARN_UNDECLARED_SELECTOR = YES;
				GCC_WARN_UNINITIALIZED_AUTOS = YES_AGGRESSIVE;
				GCC_WARN_UNUSED_FUNCTION = YES;
				GCC_WARN_UNUSED_VARIABLE = YES;
				IPHONEOS_DEPLOYMENT_TARGET = 17.0;
				MTL_ENABLE_DEBUG_INFO = INCLUDE_SOURCE;
				MTL_FAST_MATH = YES;
				ONLY_ACTIVE_ARCH = YES;
				SDKROOT = iphoneos;
				SWIFT_ACTIVE_COMPILATION_CONDITIONS = DEBUG;
				SWIFT_OPTIMIZATION_LEVEL = "-Onone";
			};
			name = Debug;
		};
		0A0008042C00000100000001 /* Release */ = {
			isa = XCBuildConfiguration;
			buildSettings = {
				ALWAYS_SEARCH_USER_PATHS = NO;
				CLANG_ANALYZER_NONNULL = YES;
				CLANG_ANALYZER_NUMBER_OBJECT_CONVERSION = YES_AGGRESSIVE;
				CLANG_CXX_LANGUAGE_STANDARD = "gnu++20";
				CLANG_ENABLE_MODULES = YES;
				CLANG_ENABLE_OBJC_ARC = YES;
				CLANG_ENABLE_OBJC_WEAK = YES;
				CLANG_WARN_BLOCK_CAPTURE_AUTORELEASING = YES;
				CLANG_WARN_BOOL_CONVERSION = YES;
				CLANG_WARN_COMMA = YES;
				CLANG_WARN_CONSTANT_CONVERSION = YES;
				CLANG_WARN_DEPRECATED_OBJC_IMPLEMENTATIONS = YES;
				CLANG_WARN_DIRECT_OBJC_ISA_USAGE = YES_ERROR;
				CLANG_WARN_DOCUMENTATION_COMMENTS = YES;
				CLANG_WARN_EMPTY_BODY = YES;
				CLANG_WARN_ENUM_CONVERSION = YES;
				CLANG_WARN_INFINITE_RECURSION = YES;
				CLANG_WARN_INT_CONVERSION = YES;
				CLANG_WARN_NON_LITERAL_NULL_CONVERSION = YES;
				CLANG_WARN_OBJC_IMPLICIT_RETAIN_SELF = YES;
				CLANG_WARN_OBJC_LITERAL_CONVERSION = YES;
				CLANG_WARN_OBJC_ROOT_CLASS = YES_ERROR;
				CLANG_WARN_QUOTED_INCLUDE_IN_FRAMEWORK_HEADER = YES;
				CLANG_WARN_RANGE_LOOP_ANALYSIS = YES;
				CLANG_WARN_STRICT_PROTOTYPES = YES;
				CLANG_WARN_SUSPICIOUS_MOVE = YES;
				CLANG_WARN_UNGUARDED_AVAILABILITY = YES_AGGRESSIVE;
				CLANG_WARN_UNREACHABLE_CODE = YES;
				CLANG_WARN__DUPLICATE_METHOD_MATCH = YES;
				COPY_PHASE_STRIP = NO;
				DEBUG_INFORMATION_FORMAT = "dwarf-with-dsym";
				ENABLE_NS_ASSERTIONS = NO;
				ENABLE_STRICT_OBJC_MSGSEND = YES;
				ENABLE_USER_SCRIPT_SANDBOXING = YES;
				GCC_C_LANGUAGE_STANDARD = gnu17;
				GCC_NO_COMMON_BLOCKS = YES;
				GCC_WARN_64_TO_32_BIT_CONVERSION = YES;
				GCC_WARN_ABOUT_RETURN_TYPE = YES_ERROR;
				GCC_WARN_UNDECLARED_SELECTOR = YES;
				GCC_WARN_UNINITIALIZED_AUTOS = YES_AGGRESSIVE;
				GCC_WARN_UNUSED_FUNCTION = YES;
				GCC_WARN_UNUSED_VARIABLE = YES;
				IPHONEOS_DEPLOYMENT_TARGET = 17.0;
				MTL_ENABLE_DEBUG_INFO = NO;
				MTL_FAST_MATH = YES;
				SDKROOT = iphoneos;
				SWIFT_COMPILATION_MODE = wholemodule;
				SWIFT_OPTIMIZATION_LEVEL = "-O";
				VALIDATE_PRODUCT = YES;
			};
			name = Release;
		};
		0A0009022C00000100000001 /* Debug */ = {
			isa = XCBuildConfiguration;
			buildSettings = {
				ASSETCATALOG_COMPILER_APPICON_NAME = AppIcon;
				ASSETCATALOG_COMPILER_GLOBAL_ACCENT_COLOR_NAME = AccentColor;
				CODE_SIGN_STYLE = Automatic;
				CURRENT_PROJECT_VERSION = 4;
				DEVELOPMENT_ASSET_PATHS = "";
				DEVELOPMENT_TEAM = XR9GHMJGD5;
				ENABLE_PREVIEWS = YES;
				GENERATE_INFOPLIST_FILE = NO;
				INFOPLIST_FILE = MicroDrama/Resources/Info.plist;
				IPHONEOS_DEPLOYMENT_TARGET = 17.0;
				LD_RUNPATH_SEARCH_PATHS = (
					"$(inherited)",
					"@executable_path/Frameworks",
				);
				MARKETING_VERSION = 0.1.0;
				MICRODRAMA_API_BASE_URL = "http://127.0.0.1:3027";
				PRODUCT_BUNDLE_IDENTIFIER = com.vivant.microdrama;
				PRODUCT_NAME = "$(TARGET_NAME)";
				SWIFT_EMIT_LOC_STRINGS = YES;
				SWIFT_VERSION = 5.0;
				TARGETED_DEVICE_FAMILY = 1;
			};
			name = Debug;
		};
		0A0009032C00000100000001 /* Release */ = {
			isa = XCBuildConfiguration;
			buildSettings = {
				ASSETCATALOG_COMPILER_APPICON_NAME = AppIcon;
				ASSETCATALOG_COMPILER_GLOBAL_ACCENT_COLOR_NAME = AccentColor;
				CODE_SIGN_STYLE = Automatic;
				CURRENT_PROJECT_VERSION = 4;
				DEVELOPMENT_ASSET_PATHS = "";
				DEVELOPMENT_TEAM = XR9GHMJGD5;
				ENABLE_PREVIEWS = YES;
				GENERATE_INFOPLIST_FILE = NO;
				INFOPLIST_FILE = MicroDrama/Resources/Info.plist;
				IPHONEOS_DEPLOYMENT_TARGET = 17.0;
				LD_RUNPATH_SEARCH_PATHS = (
					"$(inherited)",
					"@executable_path/Frameworks",
				);
				MARKETING_VERSION = 0.1.0;
				MICRODRAMA_API_BASE_URL = "https://micro-drama.onrender.com";
				PRODUCT_BUNDLE_IDENTIFIER = com.vivant.microdrama;
				PRODUCT_NAME = "$(TARGET_NAME)";
				SWIFT_EMIT_LOC_STRINGS = YES;
				SWIFT_VERSION = 5.0;
				TARGETED_DEVICE_FAMILY = 1;
			};
			name = Release;
		};
/* End XCBuildConfiguration section */

/* Begin XCConfigurationList section */
		0A0008022C00000100000001 /* Build configuration list for PBXProject "MicroDrama" */ = {
			isa = XCConfigurationList;
			buildConfigurations = (
				0A0008032C00000100000001 /* Debug */,
				0A0008042C00000100000001 /* Release */,
			);
			defaultConfigurationIsVisible = 0;
			defaultConfigurationName = Release;
		};
		0A0009012C00000100000001 /* Build configuration list for PBXNativeTarget "MicroDrama" */ = {
			isa = XCConfigurationList;
			buildConfigurations = (
				0A0009022C00000100000001 /* Debug */,
				0A0009032C00000100000001 /* Release */,
			);
			defaultConfigurationIsVisible = 0;
			defaultConfigurationName = Release;
		};
/* End XCConfigurationList section */

/* Begin XCRemoteSwiftPackageReference section */
		0A000B012C00000100000001 /* XCRemoteSwiftPackageReference "swift-package-manager-google-mobile-ads" */ = {
			isa = XCRemoteSwiftPackageReference;
			repositoryURL = "https://github.com/googleads/swift-package-manager-google-mobile-ads.git";
			requirement = {
				kind = upToNextMajorVersion;
				minimumVersion = 13.0.0;
			};
		};
		0A000B032C00000100000001 /* XCRemoteSwiftPackageReference "swift-package-manager-google-user-messaging-platform" */ = {
			isa = XCRemoteSwiftPackageReference;
			repositoryURL = "https://github.com/googleads/swift-package-manager-google-user-messaging-platform.git";
			requirement = {
				kind = upToNextMajorVersion;
				minimumVersion = 3.1.0;
			};
		};
/* End XCRemoteSwiftPackageReference section */

/* Begin XCSwiftPackageProductDependency section */
		0A000B022C00000100000001 /* GoogleMobileAds */ = {
			isa = XCSwiftPackageProductDependency;
			package = 0A000B012C00000100000001 /* XCRemoteSwiftPackageReference "swift-package-manager-google-mobile-ads" */;
			productName = GoogleMobileAds;
		};
		0A000B042C00000100000001 /* GoogleUserMessagingPlatform */ = {
			isa = XCSwiftPackageProductDependency;
			package = 0A000B032C00000100000001 /* XCRemoteSwiftPackageReference "swift-package-manager-google-user-messaging-platform" */;
			productName = GoogleUserMessagingPlatform;
		};
/* End XCSwiftPackageProductDependency section */
	};
	rootObject = 0A0008012C00000100000001 /* Project object */;
}
